# THIS IS AN AUTOGENERATED FILE. DO NOT EDIT THIS FILE DIRECTLY.
# yarn lockfile v1


reading-time@^1.5.0:
  version "1.5.0"
  resolved "https://registry.yarnpkg.com/reading-time/-/reading-time-1.5.0.tgz#d2a7f1b6057cb2e169beaf87113cc3411b5bc5bb"
  integrity sha512-onYyVhBNr4CmAxFsKS7bz+uTLRakypIe4R+5A824vBSkQy/hB3fZepoVEf8OVAxzLvK+H/jm9TzpI3ETSm64Kg==
